<?xml version="1.0" encoding="utf-8"?>
<Project ToolsVersion="4.0" xmlns="http://schemas.microsoft.com/developer/msbuild/2003">
  <ItemGroup>
    <ClCompile Include="Object\Player\Dinosaur\Dinosaur.cpp" />
    <ClCompile Include="Object\Player\Dinosaur\DinosaurAttackBite.cpp" />
    <ClCompile Include="Object\Player\Dinosaur\DinosaurStateManager.cpp" />
    <ClCompile Include="Object\Player\Dinosaur\DinosaurAttackPounce.cpp" />
    <ClCompile Include="Object\Player\Dinosaur\DinosaurAttackScratch.cpp" />
    <ClCompile Include="Object\Player\Dinosaur\DinosaurAttackShot.cpp" />
    <ClCompile Include="Object\Player\Dinosaur\DinosaurIdle.cpp" />
    <ClCompile Include="Object\Player\Dinosaur\DinosaurJump.cpp" />
    <ClCompile Include="Object\Player\Dinosaur\DinosaurMove.cpp" />
    <ClCompile Include="Object\Player\Dinosaur\DinosaurStateBase.cpp" />
    <ClCompile Include="Object\Player\Kinnikurou\KinnikuMizo.cpp" />
    <ClCompile Include="Object\Player\Kinnikurou\KinnikuUpper.cpp" />
    <ClCompile Include="Object\Player\Kinnikurou\KinnikuMuscle.cpp" />
    <ClCompile Include="Object\Player\Kinnikurou\KinnikurouJab.cpp" />
    <ClCompile Include="Object\Player\Kinnikurou\Kinnikurou.cpp" />
    <ClCompile Include="Object\Player\Base\MoveTypeBase.cpp" />
    <ClCompile Include="Object\Player\Elf\ElfAttackArrowChargeShot.cpp" />
    <ClCompile Include="Object\Player\elf\ElfAttackArrowPunch.cpp" />
    <ClCompile Include="Object\Player\Elf\ElfAttackArrowShot.cpp" />
    <ClCompile Include="Object\Player\elf\Elf.cpp" />
    <ClCompile Include="main.cpp" />
    <ClCompile Include="Object\Player\Base\PlayerBase.cpp" />

    <ClCompile Include="Object\Player\Elf\ElfIdol.cpp" />

    <ClCompile Include="Object\Player\Elf\ElfIdle.cpp" />

    <ClCompile Include="Object\Player\Kinnikurou\KinnikuIdle.cpp" />
    <ClCompile Include="Scene\SceneBase.cpp" />
    <ClCompile Include="Scene\SceneCharacterSelect.cpp" />
    <ClCompile Include="Scene\SceneMain.cpp" />
    <ClCompile Include="Scene\SceneManager.cpp" />
    <ClCompile Include="Scene\SceneMapSelect.cpp" />
    <ClCompile Include="Scene\SceneResult.cpp" />
    <ClCompile Include="Scene\SceneTitle.cpp" />
    <ClCompile Include="Object\Stage\Stage.cpp" />
    <ClCompile Include="Util\DrawFunctions.cpp" />
    <ClCompile Include="Util\Pad.cpp" />
    <ClCompile Include="Util\Vec2.cpp" />
    <ClCompile Include="Object\Player\Witch\Witch.cpp" />
    <ClCompile Include="Object\Player\Witch\WitchShot.cpp" />

    <ClCompile Include="Object\Shot\Shot.cpp" />
    <ClCompile Include="Object\Shot\ShotBase.cpp" />

    <ClCompile Include="Object\Player\Elf\ElfAttackArrowUp.cpp" />
    <ClCompile Include="Object\Player\Elf\ElfRun.cpp" />

  </ItemGroup>
  <ItemGroup>
    <ClInclude Include="Object\Player\Dinosaur\Dinosaur.h" />
    <ClInclude Include="Object\Player\Dinosaur\DinosaurAttackBite.h" />
    <ClInclude Include="Object\Player\Dinosaur\DinosaurStateManager.h" />
    <ClInclude Include="Object\Player\Dinosaur\DinosaurAttackPounce.h" />
    <ClInclude Include="Object\Player\Dinosaur\DinosaurAttackScratch.h" />
    <ClInclude Include="Object\Player\Dinosaur\DinosaurAttackShot.h" />
    <ClInclude Include="Object\Player\Dinosaur\DinosaurIdle.h" />
    <ClInclude Include="Object\Player\Dinosaur\DinosaurJump.h" />
    <ClInclude Include="Object\Player\Dinosaur\DinosaurMove.h" />
    <ClInclude Include="Object\Player\Dinosaur\DinosaurStateBase.h" />
    <ClInclude Include="Object\Player\Kinnikurou\KinnikuMizo.h" />
    <ClInclude Include="Object\Player\Kinnikurou\KinnikuUpper.h" />
    <ClInclude Include="Object\Player\Kinnikurou\KinnikuMuscle.h" />
    <ClInclude Include="Object\Player\Kinnikurou\KinnikurouJab.h" />
    <ClInclude Include="Object\Player\Kinnikurou\Kinnikurou.h" />
    <ClInclude Include="Object\Player\Base\MoveTypeBase.h" />
    <ClInclude Include="Object\Player\Elf\ElfAttackArrowChargeShot.h" />
    <ClInclude Include="Object\Player\elf\ElfAttackArrowPunch.h" />
    <ClInclude Include="Object\Player\Elf\ElfAttackArrowShot.h" />
    <ClInclude Include="Object\Player\elf\Elf.h" />
    <ClInclude Include="Object\Player\Base\PlayerBase.h" />

    <ClInclude Include="Object\Player\Elf\ElfIdol.h" />

    <ClInclude Include="Object\Player\Elf\ElfIdle.h" />

    <ClInclude Include="condition.h" />
    <ClInclude Include="Object\Player\Kinnikurou\KinnikuIdle.h" />
    <ClInclude Include="Scene\SceneCharacterSelect.h" />
    <ClInclude Include="Scene\SceneMapSelect.h" />
    <ClInclude Include="Scene\SceneResult.h" />
    <ClInclude Include="Scene\SceneTitle.h" />
    <ClInclude Include="Object\Stage\Stage.h" />
    <ClInclude Include="Util\DrawFunctions.h" />
    <ClInclude Include="Util\game.h" />
    <ClInclude Include="Scene\SceneBase.h" />
    <ClInclude Include="Scene\SceneMain.h" />
    <ClInclude Include="Scene\SceneManager.h" />
    <ClInclude Include="Util\Pad.h" />
    <ClInclude Include="Util\Vec2.h" />
    <ClInclude Include="Object\Player\Witch\Witch.h" />
    <ClInclude Include="Object\Player\Witch\WitchShot.h" />

    <ClInclude Include="Object\Shot\Shot.h" />
    <ClInclude Include="Object\Shot\ShotBase.h" />

    <ClInclude Include="Object\Player\Elf\ElfAttackArrowUp.h" />
    <ClInclude Include="Object\Player\Elf\ElfRun.h" />

  </ItemGroup>
</Project>